
Microsoft Visual Studio Solution File, Format Version 12.00
# Visual Studio 2012
Project("{8BC9CEB8-8B4A-11D0-8D11-00A0C91BC942}") = "variant-1", "prime-numbers\prime-numbers.vcxproj", "{32AAED20-2EE1-45F6-AAED-C97995D7AAF7}"
EndProject
Project("{8BC9CEB8-8B4A-11D0-8D11-00A0C91BC942}") = "weighing", "weighing\weighing.vcxproj", "{F680D40C-3456-4405-9B84-7CE334B247AA}"
EndProject
Global
	GlobalSection(SolutionConfigurationPlatforms) = preSolution
		Debug|Win32 = Debug|Win32
		Release|Win32 = Release|Win32
	EndGlobalSection
	GlobalSection(ProjectConfigurationPlatforms) = postSolution
		{32AAED20-2EE1-45F6-AAED-C97995D7AAF7}.Debug|Win32.ActiveCfg = Debug|Win32
		{32AAED20-2EE1-45F6-AAED-C97995D7AAF7}.Debug|Win32.Build.0 = Debug|Win32
		{32AAED20-2EE1-45F6-AAED-C97995D7AAF7}.Release|Win32.ActiveCfg = Release|Win32
		{32AAED20-2EE1-45F6-AAED-C97995D7AAF7}.Release|Win32.Build.0 = Release|Win32
		{F680D40C-3456-4405-9B84-7CE334B247AA}.Debug|Win32.ActiveCfg = Debug|Win32
		{F680D40C-3456-4405-9B84-7CE334B247AA}.Debug|Win32.Build.0 = Debug|Win32
		{F680D40C-3456-4405-9B84-7CE334B247AA}.Release|Win32.ActiveCfg = Release|Win32
		{F680D40C-3456-4405-9B84-7CE334B247AA}.Release|Win32.Build.0 = Release|Win32
	EndGlobalSection
	GlobalSection(SolutionProperties) = preSolution
		HideSolutionNode = FALSE
	EndGlobalSection
EndGlobal
